// !$*UTF8*$!
{
	archiveVersion = 1;
	classes = {
	};
	objectVersion = 55;
	objects = {

/* Begin PBXBuildFile section */
		0130CC1600F3AB0D61D15930 /* Pods_SoundScape.framework in Frameworks */ = {isa = PBXBuildFile; fileRef = 0D1F5476A787CCE1C926A2EA /* Pods_SoundScape.framework */; };
		560DE84D27300B1200FFD240 /* CommentViewController.swift in Sources */ = {isa = PBXBuildFile; fileRef = 560DE84C27300B1200FFD240 /* CommentViewController.swift */; };
		560DE8502730113600FFD240 /* CommentTableViewCell.swift in Sources */ = {isa = PBXBuildFile; fileRef = 560DE84F2730113600FFD240 /* CommentTableViewCell.swift */; };
		56201C972721D21F0080A7C7 /* SCRemotePlayerConfig.swift in Sources */ = {isa = PBXBuildFile; fileRef = 56201C962721D21F0080A7C7 /* SCRemotePlayerConfig.swift */; };
		5630FE23272E1AA2003A38FB /* FirebaseDataStructure.swift in Sources */ = {isa = PBXBuildFile; fileRef = 5630FE22272E1AA2003A38FB /* FirebaseDataStructure.swift */; };
		5630FE25272E1C54003A38FB /* SignInManager.swift in Sources */ = {isa = PBXBuildFile; fileRef = 5630FE24272E1C54003A38FB /* SignInManager.swift */; };
		5630FE27272EB5D7003A38FB /* OthersProfileViewController.swift in Sources */ = {isa = PBXBuildFile; fileRef = 5630FE26272EB5D7003A38FB /* OthersProfileViewController.swift */; };
		5630FE29272F01A0003A38FB /* 77378-sunset.json in Resources */ = {isa = PBXBuildFile; fileRef = 5630FE28272F01A0003A38FB /* 77378-sunset.json */; };
		5630FE2B272F049F003A38FB /* 74194-sleepy-sleep.json in Resources */ = {isa = PBXBuildFile; fileRef = 5630FE2A272F049F003A38FB /* 74194-sleepy-sleep.json */; };
		563396C5272596A600882711 /* EditAudioManager.swift in Sources */ = {isa = PBXBuildFile; fileRef = 563396C4272596A600882711 /* EditAudioManager.swift */; };
		564C79F8272C2056005EEA53 /* CategoryViewController.swift in Sources */ = {isa = PBXBuildFile; fileRef = 564C79F7272C2056005EEA53 /* CategoryViewController.swift */; };
		564C79FA272C2180005EEA53 /* CategoryTableViewCell.swift in Sources */ = {isa = PBXBuildFile; fileRef = 564C79F9272C2180005EEA53 /* CategoryTableViewCell.swift */; };
		5655908A2731855500300AF7 /* SettingViewController.swift in Sources */ = {isa = PBXBuildFile; fileRef = 565590892731855500300AF7 /* SettingViewController.swift */; };
		5655908E2731863300300AF7 /* SettingTableViewCell.swift in Sources */ = {isa = PBXBuildFile; fileRef = 5655908D2731863300300AF7 /* SettingTableViewCell.swift */; };
		5655909027318F0D00300AF7 /* lf30_editor_xgoxkd3f.json in Resources */ = {isa = PBXBuildFile; fileRef = 5655908F27318F0D00300AF7 /* lf30_editor_xgoxkd3f.json */; };
		565ABC012721529600D4596E /* GoogleService-Info.plist in Resources */ = {isa = PBXBuildFile; fileRef = 565ABC002721529600D4596E /* GoogleService-Info.plist */; };
		565ABC032721595B00D4596E /* FirebaseManager.swift in Sources */ = {isa = PBXBuildFile; fileRef = 565ABC022721595B00D4596E /* FirebaseManager.swift */; };
		565BD479272FE0DB00143108 /* lf30_editor_r2yecdir.json in Resources */ = {isa = PBXBuildFile; fileRef = 565BD478272FE0DB00143108 /* lf30_editor_r2yecdir.json */; };
		565C9C29271E6AFE00189B85 /* AudioPlayerWindow.swift in Sources */ = {isa = PBXBuildFile; fileRef = 565C9C28271E6AFE00189B85 /* AudioPlayerWindow.swift */; };
		565C9C2B271E6F7300189B85 /* AudioPlayerVC.swift in Sources */ = {isa = PBXBuildFile; fileRef = 565C9C2A271E6F7300189B85 /* AudioPlayerVC.swift */; };
		565C9C2D271E79E700189B85 /* Common.swift in Sources */ = {isa = PBXBuildFile; fileRef = 565C9C2C271E79E700189B85 /* Common.swift */; };
		565C9C2F271E8D6900189B85 /* SCTabBarController.swift in Sources */ = {isa = PBXBuildFile; fileRef = 565C9C2E271E8D6900189B85 /* SCTabBarController.swift */; };
		5662743B2727DE47000C62EB /* DSWaveformImage in Frameworks */ = {isa = PBXBuildFile; productRef = 5662743A2727DE47000C62EB /* DSWaveformImage */; };
		567566EC27323AAD007ACC61 /* SignInViewController.swift in Sources */ = {isa = PBXBuildFile; fileRef = 567566EB27323AAD007ACC61 /* SignInViewController.swift */; };
		567566EF273271C6007ACC61 /* SignInHelper.swift in Sources */ = {isa = PBXBuildFile; fileRef = 567566EE273271C6007ACC61 /* SignInHelper.swift */; };
		5678FFA6272418B500E1ADD5 /* TestEditVC.swift in Sources */ = {isa = PBXBuildFile; fileRef = 5678FFA5272418B500E1ADD5 /* TestEditVC.swift */; };
		5678FFA827243FA300E1ADD5 /* EditVC.swift in Sources */ = {isa = PBXBuildFile; fileRef = 5678FFA727243FA300E1ADD5 /* EditVC.swift */; };
		5679328F273B61290074D15A /* PrivacyPolicyViewController.swift in Sources */ = {isa = PBXBuildFile; fileRef = 5679328E273B61290074D15A /* PrivacyPolicyViewController.swift */; };
		5679F0FB271D084A00663001 /* AppDelegate.swift in Sources */ = {isa = PBXBuildFile; fileRef = 5679F0FA271D084A00663001 /* AppDelegate.swift */; };
		5679F0FD271D084A00663001 /* SceneDelegate.swift in Sources */ = {isa = PBXBuildFile; fileRef = 5679F0FC271D084A00663001 /* SceneDelegate.swift */; };
		5679F0FF271D084A00663001 /* SoundDetailVC.swift in Sources */ = {isa = PBXBuildFile; fileRef = 5679F0FE271D084A00663001 /* SoundDetailVC.swift */; };
		5679F102271D084A00663001 /* Main.storyboard in Resources */ = {isa = PBXBuildFile; fileRef = 5679F100271D084A00663001 /* Main.storyboard */; };
		5679F104271D084B00663001 /* Assets.xcassets in Resources */ = {isa = PBXBuildFile; fileRef = 5679F103271D084B00663001 /* Assets.xcassets */; };
		5679F107271D084B00663001 /* LaunchScreen.storyboard in Resources */ = {isa = PBXBuildFile; fileRef = 5679F105271D084B00663001 /* LaunchScreen.storyboard */; };
		5679F112271D582700663001 /* example_sound_2.m4a in Resources */ = {isa = PBXBuildFile; fileRef = 5679F111271D582700663001 /* example_sound_2.m4a */; };
		5679F115271D641B00663001 /* AudioPlayHelper.swift in Sources */ = {isa = PBXBuildFile; fileRef = 5679F114271D641B00663001 /* AudioPlayHelper.swift */; };
		5679F117271D6B2500663001 /* example_sound.wav in Resources */ = {isa = PBXBuildFile; fileRef = 5679F116271D6B2500663001 /* example_sound.wav */; };
		5679F119271D6D8400663001 /* memories.mp3 in Resources */ = {isa = PBXBuildFile; fileRef = 5679F118271D6D8400663001 /* memories.mp3 */; };
		568210C82723DAE40055642E /* RecordVC.swift in Sources */ = {isa = PBXBuildFile; fileRef = 568210C72723DAE40055642E /* RecordVC.swift */; };
		568340DF271F113F00543677 /* CreateAudioVC.swift in Sources */ = {isa = PBXBuildFile; fileRef = 568340DE271F113F00543677 /* CreateAudioVC.swift */; };
		568340E1271F11AC00543677 /* UploadVC.swift in Sources */ = {isa = PBXBuildFile; fileRef = 568340E0271F11AC00543677 /* UploadVC.swift */; };
		56950630271FDD08009E4C74 /* RemotePlayHelper.swift in Sources */ = {isa = PBXBuildFile; fileRef = 5695062F271FDD08009E4C74 /* RemotePlayHelper.swift */; };
		5698830C27400089008BF438 /* style.json in Resources */ = {isa = PBXBuildFile; fileRef = 5698830B27400089008BF438 /* style.json */; };
		569A7D7827229AE500CEE3EA /* HomeVC.swift in Sources */ = {isa = PBXBuildFile; fileRef = 569A7D7727229AE500CEE3EA /* HomeVC.swift */; };
		569A7D7A27229EB200CEE3EA /* HomeTableViewCell.swift in Sources */ = {isa = PBXBuildFile; fileRef = 569A7D7927229EB200CEE3EA /* HomeTableViewCell.swift */; };
		569A7D7C2722A03500CEE3EA /* HomeCollectionViewCell.swift in Sources */ = {isa = PBXBuildFile; fileRef = 569A7D7B2722A03500CEE3EA /* HomeCollectionViewCell.swift */; };
		569A7D7E2722B75A00CEE3EA /* HomeTableViewHeader.swift in Sources */ = {isa = PBXBuildFile; fileRef = 569A7D7D2722B75A00CEE3EA /* HomeTableViewHeader.swift */; };
		56A1EA27273CA6E0009AF843 /* AudioPostManager.swift in Sources */ = {isa = PBXBuildFile; fileRef = 56A1EA26273CA6E0009AF843 /* AudioPostManager.swift */; };
		56C05AA927362DEB009D029C /* GoogleService.swift in Sources */ = {isa = PBXBuildFile; fileRef = 56C05AA827362DEB009D029C /* GoogleService.swift */; };
		56C05AAC2736665A009D029C /* AudioMapViewController.swift in Sources */ = {isa = PBXBuildFile; fileRef = 56C05AAB2736665A009D029C /* AudioMapViewController.swift */; };
		56C05AAF2736A829009D029C /* SCMapInfoWindow.swift in Sources */ = {isa = PBXBuildFile; fileRef = 56C05AAE2736A829009D029C /* SCMapInfoWindow.swift */; };
		56D3F0B4272CDFFD00A3B3B3 /* Bungee-Regular.ttf in Resources */ = {isa = PBXBuildFile; fileRef = 56D3F0B3272CDFFD00A3B3B3 /* Bungee-Regular.ttf */; };
		56D3F0C3272D813C00A3B3B3 /* ProfileViewController.swift in Sources */ = {isa = PBXBuildFile; fileRef = 56D3F0C2272D813C00A3B3B3 /* ProfileViewController.swift */; };
		56DC9ABA2737A0BD000B62C6 /* MapSearchResultTableViewCell.swift in Sources */ = {isa = PBXBuildFile; fileRef = 56DC9AB92737A0BD000B62C6 /* MapSearchResultTableViewCell.swift */; };
		56DC9ABD2737A753000B62C6 /* LocationService.swift in Sources */ = {isa = PBXBuildFile; fileRef = 56DC9ABC2737A753000B62C6 /* LocationService.swift */; };
		56F07D35272BCA7600ABC7B9 /* SearchViewController.swift in Sources */ = {isa = PBXBuildFile; fileRef = 56F07D34272BCA7600ABC7B9 /* SearchViewController.swift */; };
		56F07D37272BCC0F00ABC7B9 /* SearchTableViewCell.swift in Sources */ = {isa = PBXBuildFile; fileRef = 56F07D36272BCC0F00ABC7B9 /* SearchTableViewCell.swift */; };
		56F07D39272BCFB300ABC7B9 /* SearchCollectionViewCell.swift in Sources */ = {isa = PBXBuildFile; fileRef = 56F07D38272BCFB300ABC7B9 /* SearchCollectionViewCell.swift */; };
		56F1C849271FA8F400F64846 /* AudioRecordHelper.swift in Sources */ = {isa = PBXBuildFile; fileRef = 56F1C848271FA8F400F64846 /* AudioRecordHelper.swift */; };
/* End PBXBuildFile section */

/* Begin PBXFileReference section */
		0D1F5476A787CCE1C926A2EA /* Pods_SoundScape.framework */ = {isa = PBXFileReference; explicitFileType = wrapper.framework; includeInIndex = 0; path = Pods_SoundScape.framework; sourceTree = BUILT_PRODUCTS_DIR; };
		33696CC8AD27A37242783EC7 /* Pods-SoundScape.release.xcconfig */ = {isa = PBXFileReference; includeInIndex = 1; lastKnownFileType = text.xcconfig; name = "Pods-SoundScape.release.xcconfig"; path = "Target Support Files/Pods-SoundScape/Pods-SoundScape.release.xcconfig"; sourceTree = "<group>"; };
		560DE84C27300B1200FFD240 /* CommentViewController.swift */ = {isa = PBXFileReference; lastKnownFileType = sourcecode.swift; path = CommentViewController.swift; sourceTree = "<group>"; };
		560DE84F2730113600FFD240 /* CommentTableViewCell.swift */ = {isa = PBXFileReference; lastKnownFileType = sourcecode.swift; path = CommentTableViewCell.swift; sourceTree = "<group>"; };
		56201C962721D21F0080A7C7 /* SCRemotePlayerConfig.swift */ = {isa = PBXFileReference; lastKnownFileType = sourcecode.swift; path = SCRemotePlayerConfig.swift; sourceTree = "<group>"; };
		5630FE22272E1AA2003A38FB /* FirebaseDataStructure.swift */ = {isa = PBXFileReference; lastKnownFileType = sourcecode.swift; path = FirebaseDataStructure.swift; sourceTree = "<group>"; };
		5630FE24272E1C54003A38FB /* SignInManager.swift */ = {isa = PBXFileReference; lastKnownFileType = sourcecode.swift; path = SignInManager.swift; sourceTree = "<group>"; };
		5630FE26272EB5D7003A38FB /* OthersProfileViewController.swift */ = {isa = PBXFileReference; lastKnownFileType = sourcecode.swift; path = OthersProfileViewController.swift; sourceTree = "<group>"; };
		5630FE28272F01A0003A38FB /* 77378-sunset.json */ = {isa = PBXFileReference; fileEncoding = 4; lastKnownFileType = text.json; path = "77378-sunset.json"; sourceTree = "<group>"; };
		5630FE2A272F049F003A38FB /* 74194-sleepy-sleep.json */ = {isa = PBXFileReference; fileEncoding = 4; lastKnownFileType = text.json; path = "74194-sleepy-sleep.json"; sourceTree = "<group>"; };
		563396C4272596A600882711 /* EditAudioManager.swift */ = {isa = PBXFileReference; lastKnownFileType = sourcecode.swift; path = EditAudioManager.swift; sourceTree = "<group>"; };
		564C79F7272C2056005EEA53 /* CategoryViewController.swift */ = {isa = PBXFileReference; lastKnownFileType = sourcecode.swift; path = CategoryViewController.swift; sourceTree = "<group>"; };
		564C79F9272C2180005EEA53 /* CategoryTableViewCell.swift */ = {isa = PBXFileReference; lastKnownFileType = sourcecode.swift; path = CategoryTableViewCell.swift; sourceTree = "<group>"; };
		565590892731855500300AF7 /* SettingViewController.swift */ = {isa = PBXFileReference; lastKnownFileType = sourcecode.swift; path = SettingViewController.swift; sourceTree = "<group>"; };
		5655908D2731863300300AF7 /* SettingTableViewCell.swift */ = {isa = PBXFileReference; lastKnownFileType = sourcecode.swift; path = SettingTableViewCell.swift; sourceTree = "<group>"; };
		5655908F27318F0D00300AF7 /* lf30_editor_xgoxkd3f.json */ = {isa = PBXFileReference; fileEncoding = 4; lastKnownFileType = text.json; path = lf30_editor_xgoxkd3f.json; sourceTree = "<group>"; };
		565ABC002721529600D4596E /* GoogleService-Info.plist */ = {isa = PBXFileReference; fileEncoding = 4; lastKnownFileType = text.plist.xml; path = "GoogleService-Info.plist"; sourceTree = "<group>"; };
		565ABC022721595B00D4596E /* FirebaseManager.swift */ = {isa = PBXFileReference; lastKnownFileType = sourcecode.swift; path = FirebaseManager.swift; sourceTree = "<group>"; };
		565BD478272FE0DB00143108 /* lf30_editor_r2yecdir.json */ = {isa = PBXFileReference; fileEncoding = 4; lastKnownFileType = text.json; path = lf30_editor_r2yecdir.json; sourceTree = "<group>"; };
		565C9C28271E6AFE00189B85 /* AudioPlayerWindow.swift */ = {isa = PBXFileReference; lastKnownFileType = sourcecode.swift; path = AudioPlayerWindow.swift; sourceTree = "<group>"; };
		565C9C2A271E6F7300189B85 /* AudioPlayerVC.swift */ = {isa = PBXFileReference; lastKnownFileType = sourcecode.swift; path = AudioPlayerVC.swift; sourceTree = "<group>"; };
		565C9C2C271E79E700189B85 /* Common.swift */ = {isa = PBXFileReference; lastKnownFileType = sourcecode.swift; path = Common.swift; sourceTree = "<group>"; };
		565C9C2E271E8D6900189B85 /* SCTabBarController.swift */ = {isa = PBXFileReference; lastKnownFileType = sourcecode.swift; path = SCTabBarController.swift; sourceTree = "<group>"; };
		567566EB27323AAD007ACC61 /* SignInViewController.swift */ = {isa = PBXFileReference; lastKnownFileType = sourcecode.swift; path = SignInViewController.swift; sourceTree = "<group>"; };
		567566ED27324070007ACC61 /* SoundScape.entitlements */ = {isa = PBXFileReference; lastKnownFileType = text.plist.entitlements; path = SoundScape.entitlements; sourceTree = "<group>"; };
		567566EE273271C6007ACC61 /* SignInHelper.swift */ = {isa = PBXFileReference; lastKnownFileType = sourcecode.swift; path = SignInHelper.swift; sourceTree = "<group>"; };
		5678FFA5272418B500E1ADD5 /* TestEditVC.swift */ = {isa = PBXFileReference; lastKnownFileType = sourcecode.swift; path = TestEditVC.swift; sourceTree = "<group>"; };
		5678FFA727243FA300E1ADD5 /* EditVC.swift */ = {isa = PBXFileReference; lastKnownFileType = sourcecode.swift; path = EditVC.swift; sourceTree = "<group>"; };
		5679328E273B61290074D15A /* PrivacyPolicyViewController.swift */ = {isa = PBXFileReference; lastKnownFileType = sourcecode.swift; path = PrivacyPolicyViewController.swift; sourceTree = "<group>"; };
		5679F0F7271D084A00663001 /* SoundScape.app */ = {isa = PBXFileReference; explicitFileType = wrapper.application; includeInIndex = 0; path = SoundScape.app; sourceTree = BUILT_PRODUCTS_DIR; };
		5679F0FA271D084A00663001 /* AppDelegate.swift */ = {isa = PBXFileReference; lastKnownFileType = sourcecode.swift; path = AppDelegate.swift; sourceTree = "<group>"; };
		5679F0FC271D084A00663001 /* SceneDelegate.swift */ = {isa = PBXFileReference; lastKnownFileType = sourcecode.swift; path = SceneDelegate.swift; sourceTree = "<group>"; };
		5679F0FE271D084A00663001 /* SoundDetailVC.swift */ = {isa = PBXFileReference; lastKnownFileType = sourcecode.swift; path = SoundDetailVC.swift; sourceTree = "<group>"; };
		5679F101271D084A00663001 /* Base */ = {isa = PBXFileReference; lastKnownFileType = file.storyboard; name = Base; path = Base.lproj/Main.storyboard; sourceTree = "<group>"; };
		5679F103271D084B00663001 /* Assets.xcassets */ = {isa = PBXFileReference; lastKnownFileType = folder.assetcatalog; path = Assets.xcassets; sourceTree = "<group>"; };
		5679F106271D084B00663001 /* Base */ = {isa = PBXFileReference; lastKnownFileType = file.storyboard; name = Base; path = Base.lproj/LaunchScreen.storyboard; sourceTree = "<group>"; };
		5679F108271D084B00663001 /* Info.plist */ = {isa = PBXFileReference; lastKnownFileType = text.plist.xml; path = Info.plist; sourceTree = "<group>"; };
		5679F111271D582700663001 /* example_sound_2.m4a */ = {isa = PBXFileReference; lastKnownFileType = file; path = example_sound_2.m4a; sourceTree = "<group>"; };
		5679F114271D641B00663001 /* AudioPlayHelper.swift */ = {isa = PBXFileReference; lastKnownFileType = sourcecode.swift; path = AudioPlayHelper.swift; sourceTree = "<group>"; };
		5679F116271D6B2500663001 /* example_sound.wav */ = {isa = PBXFileReference; lastKnownFileType = audio.wav; path = example_sound.wav; sourceTree = "<group>"; };
		5679F118271D6D8400663001 /* memories.mp3 */ = {isa = PBXFileReference; lastKnownFileType = audio.mp3; path = memories.mp3; sourceTree = "<group>"; };
		568210C72723DAE40055642E /* RecordVC.swift */ = {isa = PBXFileReference; lastKnownFileType = sourcecode.swift; path = RecordVC.swift; sourceTree = "<group>"; };
		568340DE271F113F00543677 /* CreateAudioVC.swift */ = {isa = PBXFileReference; lastKnownFileType = sourcecode.swift; path = CreateAudioVC.swift; sourceTree = "<group>"; };
		568340E0271F11AC00543677 /* UploadVC.swift */ = {isa = PBXFileReference; lastKnownFileType = sourcecode.swift; path = UploadVC.swift; sourceTree = "<group>"; };
		5695062F271FDD08009E4C74 /* RemotePlayHelper.swift */ = {isa = PBXFileReference; lastKnownFileType = sourcecode.swift; path = RemotePlayHelper.swift; sourceTree = "<group>"; };
		5698830B27400089008BF438 /* style.json */ = {isa = PBXFileReference; lastKnownFileType = text.json; path = style.json; sourceTree = "<group>"; xcLanguageSpecificationIdentifier = xcode.lang.json; };
		569A7D7727229AE500CEE3EA /* HomeVC.swift */ = {isa = PBXFileReference; lastKnownFileType = sourcecode.swift; path = HomeVC.swift; sourceTree = "<group>"; };
		569A7D7927229EB200CEE3EA /* HomeTableViewCell.swift */ = {isa = PBXFileReference; lastKnownFileType = sourcecode.swift; path = HomeTableViewCell.swift; sourceTree = "<group>"; };
		569A7D7B2722A03500CEE3EA /* HomeCollectionViewCell.swift */ = {isa = PBXFileReference; lastKnownFileType = sourcecode.swift; path = HomeCollectionViewCell.swift; sourceTree = "<group>"; };
		569A7D7D2722B75A00CEE3EA /* HomeTableViewHeader.swift */ = {isa = PBXFileReference; lastKnownFileType = sourcecode.swift; path = HomeTableViewHeader.swift; sourceTree = "<group>"; };
		56A1EA26273CA6E0009AF843 /* AudioPostManager.swift */ = {isa = PBXFileReference; lastKnownFileType = sourcecode.swift; path = AudioPostManager.swift; sourceTree = "<group>"; };
		56C05AA827362DEB009D029C /* GoogleService.swift */ = {isa = PBXFileReference; lastKnownFileType = sourcecode.swift; path = GoogleService.swift; sourceTree = "<group>"; };
		56C05AAB2736665A009D029C /* AudioMapViewController.swift */ = {isa = PBXFileReference; lastKnownFileType = sourcecode.swift; path = AudioMapViewController.swift; sourceTree = "<group>"; };
		56C05AAE2736A829009D029C /* SCMapInfoWindow.swift */ = {isa = PBXFileReference; lastKnownFileType = sourcecode.swift; path = SCMapInfoWindow.swift; sourceTree = "<group>"; };
		56D3F0B3272CDFFD00A3B3B3 /* Bungee-Regular.ttf */ = {isa = PBXFileReference; lastKnownFileType = file; path = "Bungee-Regular.ttf"; sourceTree = "<group>"; };
		56D3F0C2272D813C00A3B3B3 /* ProfileViewController.swift */ = {isa = PBXFileReference; lastKnownFileType = sourcecode.swift; path = ProfileViewController.swift; sourceTree = "<group>"; };
		56DC9AB92737A0BD000B62C6 /* MapSearchResultTableViewCell.swift */ = {isa = PBXFileReference; lastKnownFileType = sourcecode.swift; path = MapSearchResultTableViewCell.swift; sourceTree = "<group>"; };
		56DC9ABC2737A753000B62C6 /* LocationService.swift */ = {isa = PBXFileReference; lastKnownFileType = sourcecode.swift; path = LocationService.swift; sourceTree = "<group>"; };
		56F07D34272BCA7600ABC7B9 /* SearchViewController.swift */ = {isa = PBXFileReference; lastKnownFileType = sourcecode.swift; path = SearchViewController.swift; sourceTree = "<group>"; };
		56F07D36272BCC0F00ABC7B9 /* SearchTableViewCell.swift */ = {isa = PBXFileReference; lastKnownFileType = sourcecode.swift; path = SearchTableViewCell.swift; sourceTree = "<group>"; };
		56F07D38272BCFB300ABC7B9 /* SearchCollectionViewCell.swift */ = {isa = PBXFileReference; lastKnownFileType = sourcecode.swift; path = SearchCollectionViewCell.swift; sourceTree = "<group>"; };
		56F1C848271FA8F400F64846 /* AudioRecordHelper.swift */ = {isa = PBXFileReference; lastKnownFileType = sourcecode.swift; path = AudioRecordHelper.swift; sourceTree = "<group>"; };
		8CA8FF313E2441739C961F12 /* Pods-SoundScape.debug.xcconfig */ = {isa = PBXFileReference; includeInIndex = 1; lastKnownFileType = text.xcconfig; name = "Pods-SoundScape.debug.xcconfig"; path = "Target Support Files/Pods-SoundScape/Pods-SoundScape.debug.xcconfig"; sourceTree = "<group>"; };
/* End PBXFileReference section */

/* Begin PBXFrameworksBuildPhase section */
		5679F0F4271D084A00663001 /* Frameworks */ = {
			isa = PBXFrameworksBuildPhase;
			buildActionMask = 2147483647;
			files = (
				5662743B2727DE47000C62EB /* DSWaveformImage in Frameworks */,
				0130CC1600F3AB0D61D15930 /* Pods_SoundScape.framework in Frameworks */,
			);
			runOnlyForDeploymentPostprocessing = 0;
		};
/* End PBXFrameworksBuildPhase section */

/* Begin PBXGroup section */
		560DE84B27300AC200FFD240 /* Comment */ = {
			isa = PBXGroup;
			children = (
				560DE84C27300B1200FFD240 /* CommentViewController.swift */,
			);
			path = Comment;
			sourceTree = "<group>";
		};
		560DE84E2730110100FFD240 /* Comment */ = {
			isa = PBXGroup;
			children = (
				560DE84F2730113600FFD240 /* CommentTableViewCell.swift */,
			);
			path = Comment;
			sourceTree = "<group>";
		};
		5655908B2731855E00300AF7 /* Setting */ = {
			isa = PBXGroup;
			children = (
				565590892731855500300AF7 /* SettingViewController.swift */,
			);
			path = Setting;
			sourceTree = "<group>";
		};
		5655908C2731860600300AF7 /* Setting */ = {
			isa = PBXGroup;
			children = (
				5655908D2731863300300AF7 /* SettingTableViewCell.swift */,
			);
			path = Setting;
			sourceTree = "<group>";
		};
		565C9C30271EB42900189B85 /* Model */ = {
			isa = PBXGroup;
			children = (
				56DC9ABB2737A735000B62C6 /* Map */,
				56D3F0C0272D803600A3B3B3 /* Audio */,
				56D3F0BF272D801700A3B3B3 /* Common */,
			);
			path = Model;
			sourceTree = "<group>";
		};
		565C9C31271EB44500189B85 /* Controller */ = {
			isa = PBXGroup;
			children = (
				56C05AAA27366640009D029C /* AudioMap */,
				567566EA27323A90007ACC61 /* SignIn */,
				5655908B2731855E00300AF7 /* Setting */,
				560DE84B27300AC200FFD240 /* Comment */,
				56D3F0C1272D811B00A3B3B3 /* Profile */,
				56D3F0BD272D7FE000A3B3B3 /* Search */,
				56D3F0BC272D7FB700A3B3B3 /* Upload */,
				56D3F0BB272D7F9C00A3B3B3 /* Home */,
				56D3F0BA272D7F7600A3B3B3 /* Common */,
				56D3F0B9272D7F5F00A3B3B3 /* Player */,
				56D3F0BE272D7FF600A3B3B3 /* Category */,
			);
			path = Controller;
			sourceTree = "<group>";
		};
		565C9C32271EB46D00189B85 /* View */ = {
			isa = PBXGroup;
			children = (
				56C05AAD2736A7DE009D029C /* Common */,
				5655908C2731860600300AF7 /* Setting */,
				560DE84E2730110100FFD240 /* Comment */,
				56D3F0B8272D7F4400A3B3B3 /* Category */,
				56D3F0B7272D7F2A00A3B3B3 /* Search */,
				56D3F0B6272D7F0F00A3B3B3 /* Home */,
				56D3F0B5272D7EFF00A3B3B3 /* Player */,
			);
			path = View;
			sourceTree = "<group>";
		};
		567566EA27323A90007ACC61 /* SignIn */ = {
			isa = PBXGroup;
			children = (
				567566EB27323AAD007ACC61 /* SignInViewController.swift */,
			);
			path = SignIn;
			sourceTree = "<group>";
		};
		5679F0EE271D084A00663001 = {
			isa = PBXGroup;
			children = (
				5679F0F9271D084A00663001 /* SoundScape */,
				5679F0F8271D084A00663001 /* Products */,
				882D089E5BAD7E12457C1D97 /* Pods */,
				7E64B7E6DB8FC6FCC8429D99 /* Frameworks */,
			);
			sourceTree = "<group>";
		};
		5679F0F8271D084A00663001 /* Products */ = {
			isa = PBXGroup;
			children = (
				5679F0F7271D084A00663001 /* SoundScape.app */,
			);
			name = Products;
			sourceTree = "<group>";
		};
		5679F0F9271D084A00663001 /* SoundScape */ = {
			isa = PBXGroup;
			children = (
				567566ED27324070007ACC61 /* SoundScape.entitlements */,
				565C9C32271EB46D00189B85 /* View */,
				565C9C31271EB44500189B85 /* Controller */,
				565C9C30271EB42900189B85 /* Model */,
				5679F113271D584C00663001 /* Resources */,
				5679F0FA271D084A00663001 /* AppDelegate.swift */,
				5679F0FC271D084A00663001 /* SceneDelegate.swift */,
				5679F100271D084A00663001 /* Main.storyboard */,
				5679F103271D084B00663001 /* Assets.xcassets */,
				5679F105271D084B00663001 /* LaunchScreen.storyboard */,
				5698830B27400089008BF438 /* style.json */,
				565ABC002721529600D4596E /* GoogleService-Info.plist */,
				5679F108271D084B00663001 /* Info.plist */,
			);
			path = SoundScape;
			sourceTree = "<group>";
		};
		5679F113271D584C00663001 /* Resources */ = {
			isa = PBXGroup;
			children = (
				5630FE28272F01A0003A38FB /* 77378-sunset.json */,
				56D3F0B3272CDFFD00A3B3B3 /* Bungee-Regular.ttf */,
				5655908F27318F0D00300AF7 /* lf30_editor_xgoxkd3f.json */,
				565BD478272FE0DB00143108 /* lf30_editor_r2yecdir.json */,
				5630FE2A272F049F003A38FB /* 74194-sleepy-sleep.json */,
				5679F118271D6D8400663001 /* memories.mp3 */,
				5679F116271D6B2500663001 /* example_sound.wav */,
				5679F111271D582700663001 /* example_sound_2.m4a */,
			);
			path = Resources;
			sourceTree = "<group>";
		};
		56C05AAA27366640009D029C /* AudioMap */ = {
			isa = PBXGroup;
			children = (
				56C05AAB2736665A009D029C /* AudioMapViewController.swift */,
			);
			path = AudioMap;
			sourceTree = "<group>";
		};
		56C05AAD2736A7DE009D029C /* Common */ = {
			isa = PBXGroup;
			children = (
				56C05AAE2736A829009D029C /* SCMapInfoWindow.swift */,
				56DC9AB92737A0BD000B62C6 /* MapSearchResultTableViewCell.swift */,
			);
			path = Common;
			sourceTree = "<group>";
		};
		56D3F0B5272D7EFF00A3B3B3 /* Player */ = {
			isa = PBXGroup;
			children = (
				565C9C28271E6AFE00189B85 /* AudioPlayerWindow.swift */,
			);
			path = Player;
			sourceTree = "<group>";
		};
		56D3F0B6272D7F0F00A3B3B3 /* Home */ = {
			isa = PBXGroup;
			children = (
				569A7D7927229EB200CEE3EA /* HomeTableViewCell.swift */,
				569A7D7B2722A03500CEE3EA /* HomeCollectionViewCell.swift */,
				569A7D7D2722B75A00CEE3EA /* HomeTableViewHeader.swift */,
			);
			path = Home;
			sourceTree = "<group>";
		};
		56D3F0B7272D7F2A00A3B3B3 /* Search */ = {
			isa = PBXGroup;
			children = (
				56F07D36272BCC0F00ABC7B9 /* SearchTableViewCell.swift */,
				56F07D38272BCFB300ABC7B9 /* SearchCollectionViewCell.swift */,
			);
			path = Search;
			sourceTree = "<group>";
		};
		56D3F0B8272D7F4400A3B3B3 /* Category */ = {
			isa = PBXGroup;
			children = (
				564C79F9272C2180005EEA53 /* CategoryTableViewCell.swift */,
			);
			path = Category;
			sourceTree = "<group>";
		};
		56D3F0B9272D7F5F00A3B3B3 /* Player */ = {
			isa = PBXGroup;
			children = (
				5679F0FE271D084A00663001 /* SoundDetailVC.swift */,
				565C9C2A271E6F7300189B85 /* AudioPlayerVC.swift */,
			);
			path = Player;
			sourceTree = "<group>";
		};
		56D3F0BA272D7F7600A3B3B3 /* Common */ = {
			isa = PBXGroup;
			children = (
				565C9C2E271E8D6900189B85 /* SCTabBarController.swift */,
			);
			path = Common;
			sourceTree = "<group>";
		};
		56D3F0BB272D7F9C00A3B3B3 /* Home */ = {
			isa = PBXGroup;
			children = (
				569A7D7727229AE500CEE3EA /* HomeVC.swift */,
			);
			path = Home;
			sourceTree = "<group>";
		};
		56D3F0BC272D7FB700A3B3B3 /* Upload */ = {
			isa = PBXGroup;
			children = (
				568340DE271F113F00543677 /* CreateAudioVC.swift */,
				568340E0271F11AC00543677 /* UploadVC.swift */,
				568210C72723DAE40055642E /* RecordVC.swift */,
				5678FFA5272418B500E1ADD5 /* TestEditVC.swift */,
				5678FFA727243FA300E1ADD5 /* EditVC.swift */,
			);
			path = Upload;
			sourceTree = "<group>";
		};
		56D3F0BD272D7FE000A3B3B3 /* Search */ = {
			isa = PBXGroup;
			children = (
				56F07D34272BCA7600ABC7B9 /* SearchViewController.swift */,
			);
			path = Search;
			sourceTree = "<group>";
		};
		56D3F0BE272D7FF600A3B3B3 /* Category */ = {
			isa = PBXGroup;
			children = (
				564C79F7272C2056005EEA53 /* CategoryViewController.swift */,
			);
			path = Category;
			sourceTree = "<group>";
		};
		56D3F0BF272D801700A3B3B3 /* Common */ = {
			isa = PBXGroup;
			children = (
				565ABC022721595B00D4596E /* FirebaseManager.swift */,
				565C9C2C271E79E700189B85 /* Common.swift */,
				5630FE22272E1AA2003A38FB /* FirebaseDataStructure.swift */,
				5630FE24272E1C54003A38FB /* SignInManager.swift */,
				567566EE273271C6007ACC61 /* SignInHelper.swift */,
				56C05AA827362DEB009D029C /* GoogleService.swift */,
				56A1EA26273CA6E0009AF843 /* AudioPostManager.swift */,
			);
			path = Common;
			sourceTree = "<group>";
		};
		56D3F0C0272D803600A3B3B3 /* Audio */ = {
			isa = PBXGroup;
			children = (
				5679F114271D641B00663001 /* AudioPlayHelper.swift */,
				56F1C848271FA8F400F64846 /* AudioRecordHelper.swift */,
				5695062F271FDD08009E4C74 /* RemotePlayHelper.swift */,
				56201C962721D21F0080A7C7 /* SCRemotePlayerConfig.swift */,
				563396C4272596A600882711 /* EditAudioManager.swift */,
			);
			path = Audio;
			sourceTree = "<group>";
		};
		56D3F0C1272D811B00A3B3B3 /* Profile */ = {
			isa = PBXGroup;
			children = (
				56D3F0C2272D813C00A3B3B3 /* ProfileViewController.swift */,
				5630FE26272EB5D7003A38FB /* OthersProfileViewController.swift */,
				5679328E273B61290074D15A /* PrivacyPolicyViewController.swift */,
			);
			path = Profile;
			sourceTree = "<group>";
		};
		56DC9ABB2737A735000B62C6 /* Map */ = {
			isa = PBXGroup;
			children = (
				56DC9ABC2737A753000B62C6 /* LocationService.swift */,
			);
			path = Map;
			sourceTree = "<group>";
		};
		7E64B7E6DB8FC6FCC8429D99 /* Frameworks */ = {
			isa = PBXGroup;
			children = (
				0D1F5476A787CCE1C926A2EA /* Pods_SoundScape.framework */,
			);
			name = Frameworks;
			sourceTree = "<group>";
		};
		882D089E5BAD7E12457C1D97 /* Pods */ = {
			isa = PBXGroup;
			children = (
				8CA8FF313E2441739C961F12 /* Pods-SoundScape.debug.xcconfig */,
				33696CC8AD27A37242783EC7 /* Pods-SoundScape.release.xcconfig */,
			);
			path = Pods;
			sourceTree = "<group>";
		};
/* End PBXGroup section */

/* Begin PBXNativeTarget section */
		5679F0F6271D084A00663001 /* SoundScape */ = {
			isa = PBXNativeTarget;
			buildConfigurationList = 5679F10B271D084B00663001 /* Build configuration list for PBXNativeTarget "SoundScape" */;
			buildPhases = (
				70A1E27FB71974FE766AAB92 /* [CP] Check Pods Manifest.lock */,
				5679F0F3271D084A00663001 /* Sources */,
				5679F0F4271D084A00663001 /* Frameworks */,
				5679F0F5271D084A00663001 /* Resources */,
				5679F10E271D112900663001 /* ShellScript */,
				514A335EAE3FE0DB3303B9A0 /* [CP] Embed Pods Frameworks */,
				3BB5FA935A177BA83B3FF0F8 /* [CP] Copy Pods Resources */,
			);
			buildRules = (
			);
			dependencies = (
			);
			name = SoundScape;
			packageProductDependencies = (
				5662743A2727DE47000C62EB /* DSWaveformImage */,
			);
			productName = SoundScape;
			productReference = 5679F0F7271D084A00663001 /* SoundScape.app */;
			productType = "com.apple.product-type.application";
		};
/* End PBXNativeTarget section */

/* Begin PBXProject section */
		5679F0EF271D084A00663001 /* Project object */ = {
			isa = PBXProject;
			attributes = {
				BuildIndependentTargetsInParallel = 1;
				LastSwiftUpdateCheck = 1300;
				LastUpgradeCheck = 1300;
				TargetAttributes = {
					5679F0F6271D084A00663001 = {
						CreatedOnToolsVersion = 13.0;
					};
				};
			};
			buildConfigurationList = 5679F0F2271D084A00663001 /* Build configuration list for PBXProject "SoundScape" */;
			compatibilityVersion = "Xcode 13.0";
			developmentRegion = en;
			hasScannedForEncodings = 0;
			knownRegions = (
				en,
				Base,
			);
			mainGroup = 5679F0EE271D084A00663001;
			packageReferences = (
				566274392727DE47000C62EB /* XCRemoteSwiftPackageReference "DSWaveformImage" */,
			);
			productRefGroup = 5679F0F8271D084A00663001 /* Products */;
			projectDirPath = "";
			projectRoot = "";
			targets = (
				5679F0F6271D084A00663001 /* SoundScape */,
			);
		};
/* End PBXProject section */

/* Begin PBXResourcesBuildPhase section */
		5679F0F5271D084A00663001 /* Resources */ = {
			isa = PBXResourcesBuildPhase;
			buildActionMask = 2147483647;
			files = (
				5679F112271D582700663001 /* example_sound_2.m4a in Resources */,
				5679F117271D6B2500663001 /* example_sound.wav in Resources */,
				5698830C27400089008BF438 /* style.json in Resources */,
				5679F107271D084B00663001 /* LaunchScreen.storyboard in Resources */,
				565BD479272FE0DB00143108 /* lf30_editor_r2yecdir.json in Resources */,
				5630FE2B272F049F003A38FB /* 74194-sleepy-sleep.json in Resources */,
				5630FE29272F01A0003A38FB /* 77378-sunset.json in Resources */,
				56D3F0B4272CDFFD00A3B3B3 /* Bungee-Regular.ttf in Resources */,
				5679F104271D084B00663001 /* Assets.xcassets in Resources */,
				5679F102271D084A00663001 /* Main.storyboard in Resources */,
				5655909027318F0D00300AF7 /* lf30_editor_xgoxkd3f.json in Resources */,
				5679F119271D6D8400663001 /* memories.mp3 in Resources */,
				565ABC012721529600D4596E /* GoogleService-Info.plist in Resources */,
			);
			runOnlyForDeploymentPostprocessing = 0;
		};
/* End PBXResourcesBuildPhase section */

/* Begin PBXShellScriptBuildPhase section */
		3BB5FA935A177BA83B3FF0F8 /* [CP] Copy Pods Resources */ = {
			isa = PBXShellScriptBuildPhase;
			buildActionMask = 2147483647;
			files = (
			);
			inputFileListPaths = (
				"${PODS_ROOT}/Target Support Files/Pods-SoundScape/Pods-SoundScape-resources-${CONFIGURATION}-input-files.xcfilelist",
			);
			name = "[CP] Copy Pods Resources";
			outputFileListPaths = (
				"${PODS_ROOT}/Target Support Files/Pods-SoundScape/Pods-SoundScape-resources-${CONFIGURATION}-output-files.xcfilelist",
			);
			runOnlyForDeploymentPostprocessing = 0;
			shellPath = /bin/sh;
			shellScript = "\"${PODS_ROOT}/Target Support Files/Pods-SoundScape/Pods-SoundScape-resources.sh\"\n";
			showEnvVarsInLog = 0;
		};
		514A335EAE3FE0DB3303B9A0 /* [CP] Embed Pods Frameworks */ = {
			isa = PBXShellScriptBuildPhase;
			buildActionMask = 2147483647;
			files = (
			);
			inputFileListPaths = (
				"${PODS_ROOT}/Target Support Files/Pods-SoundScape/Pods-SoundScape-frameworks-${CONFIGURATION}-input-files.xcfilelist",
			);
			name = "[CP] Embed Pods Frameworks";
			outputFileListPaths = (
				"${PODS_ROOT}/Target Support Files/Pods-SoundScape/Pods-SoundScape-frameworks-${CONFIGURATION}-output-files.xcfilelist",
			);
			runOnlyForDeploymentPostprocessing = 0;
			shellPath = /bin/sh;
			shellScript = "\"${PODS_ROOT}/Target Support Files/Pods-SoundScape/Pods-SoundScape-frameworks.sh\"\n";
			showEnvVarsInLog = 0;
		};
		5679F10E271D112900663001 /* ShellScript */ = {
			isa = PBXShellScriptBuildPhase;
			buildActionMask = 2147483647;
			files = (
			);
			inputFileListPaths = (
			);
			inputPaths = (
			);
			outputFileListPaths = (
			);
			outputPaths = (
			);
			runOnlyForDeploymentPostprocessing = 0;
			shellPath = /bin/sh;
			shellScript = "# Type a script or drag a script file from your workspace to insert its path.\n\"${PODS_ROOT}/SwiftLint/swiftlint\"\n";
		};
		70A1E27FB71974FE766AAB92 /* [CP] Check Pods Manifest.lock */ = {
			isa = PBXShellScriptBuildPhase;
			buildActionMask = 2147483647;
			files = (
			);
			inputFileListPaths = (
			);
			inputPaths = (
				"${PODS_PODFILE_DIR_PATH}/Podfile.lock",
				"${PODS_ROOT}/Manifest.lock",
			);
			name = "[CP] Check Pods Manifest.lock";
			outputFileListPaths = (
			);
			outputPaths = (
				"$(DERIVED_FILE_DIR)/Pods-SoundScape-checkManifestLockResult.txt",
			);
			runOnlyForDeploymentPostprocessing = 0;
			shellPath = /bin/sh;
			shellScript = "diff \"${PODS_PODFILE_DIR_PATH}/Podfile.lock\" \"${PODS_ROOT}/Manifest.lock\" > /dev/null\nif [ $? != 0 ] ; then\n    # print error to STDERR\n    echo \"error: The sandbox is not in sync with the Podfile.lock. Run 'pod install' or update your CocoaPods installation.\" >&2\n    exit 1\nfi\n# This output is used by Xcode 'outputs' to avoid re-running this script phase.\necho \"SUCCESS\" > \"${SCRIPT_OUTPUT_FILE_0}\"\n";
			showEnvVarsInLog = 0;
		};
/* End PBXShellScriptBuildPhase section */

/* Begin PBXSourcesBuildPhase section */
		5679F0F3271D084A00663001 /* Sources */ = {
			isa = PBXSourcesBuildPhase;
			buildActionMask = 2147483647;
			files = (
				565ABC032721595B00D4596E /* FirebaseManager.swift in Sources */,
				565C9C2B271E6F7300189B85 /* AudioPlayerVC.swift in Sources */,
				569A7D7E2722B75A00CEE3EA /* HomeTableViewHeader.swift in Sources */,
				565C9C2D271E79E700189B85 /* Common.swift in Sources */,
				5630FE23272E1AA2003A38FB /* FirebaseDataStructure.swift in Sources */,
				5655908A2731855500300AF7 /* SettingViewController.swift in Sources */,
				567566EF273271C6007ACC61 /* SignInHelper.swift in Sources */,
				5679F0FF271D084A00663001 /* SoundDetailVC.swift in Sources */,
				56C05AAC2736665A009D029C /* AudioMapViewController.swift in Sources */,
				568210C82723DAE40055642E /* RecordVC.swift in Sources */,
				56F1C849271FA8F400F64846 /* AudioRecordHelper.swift in Sources */,
				560DE84D27300B1200FFD240 /* CommentViewController.swift in Sources */,
				569A7D7C2722A03500CEE3EA /* HomeCollectionViewCell.swift in Sources */,
				56DC9ABA2737A0BD000B62C6 /* MapSearchResultTableViewCell.swift in Sources */,
				568340E1271F11AC00543677 /* UploadVC.swift in Sources */,
				56F07D39272BCFB300ABC7B9 /* SearchCollectionViewCell.swift in Sources */,
				564C79F8272C2056005EEA53 /* CategoryViewController.swift in Sources */,
				5679F0FB271D084A00663001 /* AppDelegate.swift in Sources */,
				5678FFA6272418B500E1ADD5 /* TestEditVC.swift in Sources */,
				5655908E2731863300300AF7 /* SettingTableViewCell.swift in Sources */,
				56201C972721D21F0080A7C7 /* SCRemotePlayerConfig.swift in Sources */,
				5630FE25272E1C54003A38FB /* SignInManager.swift in Sources */,
				5679F115271D641B00663001 /* AudioPlayHelper.swift in Sources */,
				56F07D35272BCA7600ABC7B9 /* SearchViewController.swift in Sources */,
				5679328F273B61290074D15A /* PrivacyPolicyViewController.swift in Sources */,
				5678FFA827243FA300E1ADD5 /* EditVC.swift in Sources */,
				569A7D7827229AE500CEE3EA /* HomeVC.swift in Sources */,
				56C05AA927362DEB009D029C /* GoogleService.swift in Sources */,
				56D3F0C3272D813C00A3B3B3 /* ProfileViewController.swift in Sources */,
				56DC9ABD2737A753000B62C6 /* LocationService.swift in Sources */,
				560DE8502730113600FFD240 /* CommentTableViewCell.swift in Sources */,
				56950630271FDD08009E4C74 /* RemotePlayHelper.swift in Sources */,
				565C9C29271E6AFE00189B85 /* AudioPlayerWindow.swift in Sources */,
				568340DF271F113F00543677 /* CreateAudioVC.swift in Sources */,
				5679F0FD271D084A00663001 /* SceneDelegate.swift in Sources */,
				5630FE27272EB5D7003A38FB /* OthersProfileViewController.swift in Sources */,
				56A1EA27273CA6E0009AF843 /* AudioPostManager.swift in Sources */,
				569A7D7A27229EB200CEE3EA /* HomeTableViewCell.swift in Sources */,
				56F07D37272BCC0F00ABC7B9 /* SearchTableViewCell.swift in Sources */,
				567566EC27323AAD007ACC61 /* SignInViewController.swift in Sources */,
				563396C5272596A600882711 /* EditAudioManager.swift in Sources */,
				565C9C2F271E8D6900189B85 /* SCTabBarController.swift in Sources */,
				564C79FA272C2180005EEA53 /* CategoryTableViewCell.swift in Sources */,
				56C05AAF2736A829009D029C /* SCMapInfoWindow.swift in Sources */,
			);
			runOnlyForDeploymentPostprocessing = 0;
		};
/* End PBXSourcesBuildPhase section */

/* Begin PBXVariantGroup section */
		5679F100271D084A00663001 /* Main.storyboard */ = {
			isa = PBXVariantGroup;
			children = (
				5679F101271D084A00663001 /* Base */,
			);
			name = Main.storyboard;
			sourceTree = "<group>";
		};
		5679F105271D084B00663001 /* LaunchScreen.storyboard */ = {
			isa = PBXVariantGroup;
			children = (
				5679F106271D084B00663001 /* Base */,
			);
			name = LaunchScreen.storyboard;
			sourceTree = "<group>";
		};
/* End PBXVariantGroup section */

/* Begin XCBuildConfiguration section */
		5679F109271D084B00663001 /* Debug */ = {
			isa = XCBuildConfiguration;
			buildSettings = {
				ALWAYS_SEARCH_USER_PATHS = NO;
				CLANG_ANALYZER_NONNULL = YES;
				CLANG_ANALYZER_NUMBER_OBJECT_CONVERSION = YES_AGGRESSIVE;
				CLANG_CXX_LANGUAGE_STANDARD = "gnu++17";
				CLANG_CXX_LIBRARY = "libc++";
				CLANG_ENABLE_MODULES = YES;
				CLANG_ENABLE_OBJC_ARC = YES;
				CLANG_ENABLE_OBJC_WEAK = YES;
				CLANG_WARN_BLOCK_CAPTURE_AUTORELEASING = YES;
				CLANG_WARN_BOOL_CONVERSION = YES;
				CLANG_WARN_COMMA = YES;
				CLANG_WARN_CONSTANT_CONVERSION = YES;
				CLANG_WARN_DEPRECATED_OBJC_IMPLEMENTATIONS = YES;
				CLANG_WARN_DIRECT_OBJC_ISA_USAGE = YES_ERROR;
				CLANG_WARN_DOCUMENTATION_COMMENTS = YES;
				CLANG_WARN_EMPTY_BODY = YES;
				CLANG_WARN_ENUM_CONVERSION = YES;
				CLANG_WARN_INFINITE_RECURSION = YES;
				CLANG_WARN_INT_CONVERSION = YES;
				CLANG_WARN_NON_LITERAL_NULL_CONVERSION = YES;
				CLANG_WARN_OBJC_IMPLICIT_RETAIN_SELF = YES;
				CLANG_WARN_OBJC_LITERAL_CONVERSION = YES;
				CLANG_WARN_OBJC_ROOT_CLASS = YES_ERROR;
				CLANG_WARN_QUOTED_INCLUDE_IN_FRAMEWORK_HEADER = YES;
				CLANG_WARN_RANGE_LOOP_ANALYSIS = YES;
				CLANG_WARN_STRICT_PROTOTYPES = YES;
				CLANG_WARN_SUSPICIOUS_MOVE = YES;
				CLANG_WARN_UNGUARDED_AVAILABILITY = YES_AGGRESSIVE;
				CLANG_WARN_UNREACHABLE_CODE = YES;
				CLANG_WARN__DUPLICATE_METHOD_MATCH = YES;
				COPY_PHASE_STRIP = NO;
				DEBUG_INFORMATION_FORMAT = dwarf;
				ENABLE_STRICT_OBJC_MSGSEND = YES;
				ENABLE_TESTABILITY = YES;
				EXCLUDED_ARCHS = "";
				GCC_C_LANGUAGE_STANDARD = gnu11;
				GCC_DYNAMIC_NO_PIC = NO;
				GCC_NO_COMMON_BLOCKS = YES;
				GCC_OPTIMIZATION_LEVEL = 0;
				GCC_PREPROCESSOR_DEFINITIONS = (
					"DEBUG=1",
					"$(inherited)",
				);
				GCC_WARN_64_TO_32_BIT_CONVERSION = YES;
				GCC_WARN_ABOUT_RETURN_TYPE = YES_ERROR;
				GCC_WARN_UNDECLARED_SELECTOR = YES;
				GCC_WARN_UNINITIALIZED_AUTOS = YES_AGGRESSIVE;
				GCC_WARN_UNUSED_FUNCTION = YES;
				GCC_WARN_UNUSED_VARIABLE = YES;
				IPHONEOS_DEPLOYMENT_TARGET = 13.0;
				MTL_ENABLE_DEBUG_INFO = INCLUDE_SOURCE;
				MTL_FAST_MATH = YES;
				ONLY_ACTIVE_ARCH = YES;
				SDKROOT = iphoneos;
				SWIFT_ACTIVE_COMPILATION_CONDITIONS = DEBUG;
				SWIFT_OPTIMIZATION_LEVEL = "-Onone";
			};
			name = Debug;
		};
		5679F10A271D084B00663001 /* Release */ = {
			isa = XCBuildConfiguration;
			buildSettings = {
				ALWAYS_SEARCH_USER_PATHS = NO;
				CLANG_ANALYZER_NONNULL = YES;
				CLANG_ANALYZER_NUMBER_OBJECT_CONVERSION = YES_AGGRESSIVE;
				CLANG_CXX_LANGUAGE_STANDARD = "gnu++17";
				CLANG_CXX_LIBRARY = "libc++";
				CLANG_ENABLE_MODULES = YES;
				CLANG_ENABLE_OBJC_ARC = YES;
				CLANG_ENABLE_OBJC_WEAK = YES;
				CLANG_WARN_BLOCK_CAPTURE_AUTORELEASING = YES;
				CLANG_WARN_BOOL_CONVERSION = YES;
				CLANG_WARN_COMMA = YES;
				CLANG_WARN_CONSTANT_CONVERSION = YES;
				CLANG_WARN_DEPRECATED_OBJC_IMPLEMENTATIONS = YES;
				CLANG_WARN_DIRECT_OBJC_ISA_USAGE = YES_ERROR;
				CLANG_WARN_DOCUMENTATION_COMMENTS = YES;
				CLANG_WARN_EMPTY_BODY = YES;
				CLANG_WARN_ENUM_CONVERSION = YES;
				CLANG_WARN_INFINITE_RECURSION = YES;
				CLANG_WARN_INT_CONVERSION = YES;
				CLANG_WARN_NON_LITERAL_NULL_CONVERSION = YES;
				CLANG_WARN_OBJC_IMPLICIT_RETAIN_SELF = YES;
				CLANG_WARN_OBJC_LITERAL_CONVERSION = YES;
				CLANG_WARN_OBJC_ROOT_CLASS = YES_ERROR;
				CLANG_WARN_QUOTED_INCLUDE_IN_FRAMEWORK_HEADER = YES;
				CLANG_WARN_RANGE_LOOP_ANALYSIS = YES;
				CLANG_WARN_STRICT_PROTOTYPES = YES;
				CLANG_WARN_SUSPICIOUS_MOVE = YES;
				CLANG_WARN_UNGUARDED_AVAILABILITY = YES_AGGRESSIVE;
				CLANG_WARN_UNREACHABLE_CODE = YES;
				CLANG_WARN__DUPLICATE_METHOD_MATCH = YES;
				COPY_PHASE_STRIP = NO;
				DEBUG_INFORMATION_FORMAT = "dwarf-with-dsym";
				ENABLE_NS_ASSERTIONS = NO;
				ENABLE_STRICT_OBJC_MSGSEND = YES;
				EXCLUDED_ARCHS = "";
				GCC_C_LANGUAGE_STANDARD = gnu11;
				GCC_NO_COMMON_BLOCKS = YES;
				GCC_WARN_64_TO_32_BIT_CONVERSION = YES;
				GCC_WARN_ABOUT_RETURN_TYPE = YES_ERROR;
				GCC_WARN_UNDECLARED_SELECTOR = YES;
				GCC_WARN_UNINITIALIZED_AUTOS = YES_AGGRESSIVE;
				GCC_WARN_UNUSED_FUNCTION = YES;
				GCC_WARN_UNUSED_VARIABLE = YES;
				IPHONEOS_DEPLOYMENT_TARGET = 13.0;
				MTL_ENABLE_DEBUG_INFO = NO;
				MTL_FAST_MATH = YES;
				SDKROOT = iphoneos;
				SWIFT_COMPILATION_MODE = wholemodule;
				SWIFT_OPTIMIZATION_LEVEL = "-O";
				VALIDATE_PRODUCT = YES;
			};
			name = Release;
		};
		5679F10C271D084B00663001 /* Debug */ = {
			isa = XCBuildConfiguration;
			baseConfigurationReference = 8CA8FF313E2441739C961F12 /* Pods-SoundScape.debug.xcconfig */;
			buildSettings = {
				ASSETCATALOG_COMPILER_APPICON_NAME = AppIcon;
				ASSETCATALOG_COMPILER_GLOBAL_ACCENT_COLOR_NAME = AccentColor;
				CODE_SIGN_ENTITLEMENTS = SoundScape/SoundScape.entitlements;
				CODE_SIGN_STYLE = Automatic;
				CURRENT_PROJECT_VERSION = 1;
				DEVELOPMENT_TEAM = XN354JRCK2;
				EXCLUDED_ARCHS = "";
				GENERATE_INFOPLIST_FILE = YES;
				INFOPLIST_FILE = SoundScape/Info.plist;
				INFOPLIST_KEY_NSCameraUsageDescription = "camera use";
				INFOPLIST_KEY_NSLocationWhenInUseUsageDescription = "map use";
				INFOPLIST_KEY_NSMicrophoneUsageDescription = " App 需要您的同意, 才能訪問麥克風";
				INFOPLIST_KEY_UIApplicationSupportsIndirectInputEvents = YES;
				INFOPLIST_KEY_UILaunchStoryboardName = LaunchScreen;
				INFOPLIST_KEY_UIMainStoryboardFile = Main;
				INFOPLIST_KEY_UISupportedInterfaceOrientations = UIInterfaceOrientationPortrait;
				INFOPLIST_KEY_UISupportedInterfaceOrientations_iPad = "UIInterfaceOrientationPortrait UIInterfaceOrientationPortraitUpsideDown UIInterfaceOrientationLandscapeLeft UIInterfaceOrientationLandscapeRight";
				INFOPLIST_KEY_UISupportedInterfaceOrientations_iPhone = "UIInterfaceOrientationPortrait UIInterfaceOrientationLandscapeLeft UIInterfaceOrientationLandscapeRight";
				INFOPLIST_KEY_UIUserInterfaceStyle = Light;
				IPHONEOS_DEPLOYMENT_TARGET = 13.0;
				LD_RUNPATH_SEARCH_PATHS = (
					"$(inherited)",
					"@executable_path/Frameworks",
				);
				MARKETING_VERSION = 0.3.0;
				PRODUCT_BUNDLE_IDENTIFIER = com.SoundScape.Astrid;
				PRODUCT_NAME = "$(TARGET_NAME)";
				SWIFT_EMIT_LOC_STRINGS = YES;
				SWIFT_VERSION = 5.0;
				TARGETED_DEVICE_FAMILY = "1,2";
			};
			name = Debug;
		};
		5679F10D271D084B00663001 /* Release */ = {
			isa = XCBuildConfiguration;
			baseConfigurationReference = 33696CC8AD27A37242783EC7 /* Pods-SoundScape.release.xcconfig */;
			buildSettings = {
				ASSETCATALOG_COMPILER_APPICON_NAME = AppIcon;
				ASSETCATALOG_COMPILER_GLOBAL_ACCENT_COLOR_NAME = AccentColor;
				CODE_SIGN_ENTITLEMENTS = SoundScape/SoundScape.entitlements;
				CODE_SIGN_STYLE = Automatic;
				CURRENT_PROJECT_VERSION = 1;
				DEVELOPMENT_TEAM = XN354JRCK2;
				EXCLUDED_ARCHS = "";
				GENERATE_INFOPLIST_FILE = YES;
				INFOPLIST_FILE = SoundScape/Info.plist;
				INFOPLIST_KEY_NSCameraUsageDescription = "camera use";
				INFOPLIST_KEY_NSLocationWhenInUseUsageDescription = "map use";
				INFOPLIST_KEY_NSMicrophoneUsageDescription = " App 需要您的同意, 才能訪問麥克風";
				INFOPLIST_KEY_UIApplicationSupportsIndirectInputEvents = YES;
				INFOPLIST_KEY_UILaunchStoryboardName = LaunchScreen;
				INFOPLIST_KEY_UIMainStoryboardFile = Main;
				INFOPLIST_KEY_UISupportedInterfaceOrientations = UIInterfaceOrientationPortrait;
				INFOPLIST_KEY_UISupportedInterfaceOrientations_iPad = "UIInterfaceOrientationPortrait UIInterfaceOrientationPortraitUpsideDown UIInterfaceOrientationLandscapeLeft UIInterfaceOrientationLandscapeRight";
				INFOPLIST_KEY_UISupportedInterfaceOrientations_iPhone = "UIInterfaceOrientationPortrait UIInterfaceOrientationLandscapeLeft UIInterfaceOrientationLandscapeRight";
				INFOPLIST_KEY_UIUserInterfaceStyle = Light;
				IPHONEOS_DEPLOYMENT_TARGET = 13.0;
				LD_RUNPATH_SEARCH_PATHS = (
					"$(inherited)",
					"@executable_path/Frameworks",
				);
				MARKETING_VERSION = 0.3.0;
				PRODUCT_BUNDLE_IDENTIFIER = com.SoundScape.Astrid;
				PRODUCT_NAME = "$(TARGET_NAME)";
				SWIFT_EMIT_LOC_STRINGS = YES;
				SWIFT_VERSION = 5.0;
				TARGETED_DEVICE_FAMILY = "1,2";
			};
			name = Release;
		};
/* End XCBuildConfiguration section */

/* Begin XCConfigurationList section */
		5679F0F2271D084A00663001 /* Build configuration list for PBXProject "SoundScape" */ = {
			isa = XCConfigurationList;
			buildConfigurations = (
				5679F109271D084B00663001 /* Debug */,
				5679F10A271D084B00663001 /* Release */,
			);
			defaultConfigurationIsVisible = 0;
			defaultConfigurationName = Release;
		};
		5679F10B271D084B00663001 /* Build configuration list for PBXNativeTarget "SoundScape" */ = {
			isa = XCConfigurationList;
			buildConfigurations = (
				5679F10C271D084B00663001 /* Debug */,
				5679F10D271D084B00663001 /* Release */,
			);
			defaultConfigurationIsVisible = 0;
			defaultConfigurationName = Release;
		};
/* End XCConfigurationList section */

/* Begin XCRemoteSwiftPackageReference section */
		566274392727DE47000C62EB /* XCRemoteSwiftPackageReference "DSWaveformImage" */ = {
			isa = XCRemoteSwiftPackageReference;
			repositoryURL = "https://github.com/dmrschmidt/DSWaveformImage";
			requirement = {
				kind = upToNextMajorVersion;
				minimumVersion = 9.0.0;
			};
		};
/* End XCRemoteSwiftPackageReference section */

/* Begin XCSwiftPackageProductDependency section */
		5662743A2727DE47000C62EB /* DSWaveformImage */ = {
			isa = XCSwiftPackageProductDependency;
			package = 566274392727DE47000C62EB /* XCRemoteSwiftPackageReference "DSWaveformImage" */;
			productName = DSWaveformImage;
		};
/* End XCSwiftPackageProductDependency section */
	};
	rootObject = 5679F0EF271D084A00663001 /* Project object */;
}
